github.com/DataDog/datadog-go v3.4.0+incompatible h1:LZ0OTmlvhCBT0VYUvhGu8Lrc7WqNCj6Zw9HnMi0V6mA=
github.com/DataDog/datadog-go v3.4.0+incompatible/go.mod h1:LButxg5PwREeZtORoXG3tL4fMGNddJ+vMq1mwgfaqoQ=
github.com/opentracing/opentracing-go v1.1.0 h1:pWlfV3Bxv7k65HYwkikxat0+s3pV4bsqf19k25Ur8rU=
github.com/opentracing/opentracing-go v1.1.0/go.mod h1:UkNAQd3GIcIGf0SeVgPpRdFStlNbqXla1AfSYxPUl2o=
github.com/philhofer/fwd v1.0.0 h1:UbZqGr5Y38ApvM/V/jEljVxwocdweyH+vmYvRPBnbqQ=
github.com/philhofer/fwd v1.0.0/go.mod h1:gk3iGcWd9+svBvR0sR+KPcfE+RNWozjowpeBVG3ZVNU=
github.com/tinylib/msgp v1.1.1 h1:TnCZ3FIuKeaIy+F45+Cnp+caqdXGy4z74HvwXN+570Y=
github.com/tinylib/msgp v1.1.1/go.mod h1:+d+yLhGm8mzTaHzB+wgMYrodPfmZrzkirds8fDWklFE=
golang.org/x/xerrors v0.0.0-20191204190536-9bdfabe68543 h1:E7g+9GITq07hpfrRu66IVDexMakfv52eLZ2CXBWiKr4=
golang.org/x/xerrors v0.0.0-20191204190536-9bdfabe68543/go.mod h1:I/5z698sn9Ka8TeJc9MKroUUfqBBauWjQqLJ2OPfmY0=
gopkg.in/DataDog/dd-trace-go.v1 v1.20.1 h1:0vKuIWx+kClVhX8uWu6iL6jSMoPBgzhwHsrkd61aKOA=
gopkg.in/DataDog/dd-trace-go.v1 v1.20.1/go.mod h1:DVp8HmDh8PuTu2Z0fVVlBsyWaC++fzwVCaGWylTe3tg=
